
Microsoft Visual Studio Solution File, Format Version 12.00
# Visual Studio Version 16
VisualStudioVersion = 16.0.28803.202
MinimumVisualStudioVersion = 10.0.40219.1
Project("{FAE04EC0-301F-11D3-BF4B-00C04F79EFBC}") = "ApiJazzTool", "ApiJazzTool\ApiJazzTool.csproj", "{8353BB70-9F29-4C6B-8364-D112C771759A}"
EndProject
Global
	GlobalSection(SolutionConfigurationPlatforms) = preSolution
		Debug|Any CPU = Debug|Any CPU
		Release|Any CPU = Release|Any CPU
	EndGlobalSection
	GlobalSection(ProjectConfigurationPlatforms) = postSolution
		{8353BB70-9F29-4C6B-8364-D112C771759A}.Debug|Any CPU.ActiveCfg = Debug|Any CPU
		{8353BB70-9F29-4C6B-8364-D112C771759A}.Debug|Any CPU.Build.0 = Debug|Any CPU
		{8353BB70-9F29-4C6B-8364-D112C771759A}.Release|Any CPU.ActiveCfg = Release|Any CPU
		{8353BB70-9F29-4C6B-8364-D112C771759A}.Release|Any CPU.Build.0 = Release|Any CPU
	EndGlobalSection
	GlobalSection(SolutionProperties) = preSolution
		HideSolutionNode = FALSE
	EndGlobalSection
	GlobalSection(ExtensibilityGlobals) = postSolution
		SolutionGuid = {69A8BE42-E15C-4EEA-B0C8-D45CE144490F}
	EndGlobalSection
EndGlobal
